
Microsoft Visual Studio Solution File, Format Version 12.00
# Visual Studio Version 17
VisualStudioVersion = 17.14.36518.9 d17.14
MinimumVisualStudioVersion = 10.0.40219.1
Project("{FAE04EC0-301F-11D3-BF4B-00C04F79EFBC}") = "SimplementeLigadas", "SimplementeLigadas\SimplementeLigadas.csproj", "{303EA0E5-9836-4E87-99F4-8ECE405DC04F}"
EndProject
Project("{FAE04EC0-301F-11D3-BF4B-00C04F79EFBC}") = "DoblementeLigadas", "DoblementeLigadas\DoblementeLigadas.csproj", "{DC211A81-6867-4ADF-B0AF-E45569F53CBF}"
EndProject
Global
	GlobalSection(SolutionConfigurationPlatforms) = preSolution
		Debug|Any CPU = Debug|Any CPU
		Release|Any CPU = Release|Any CPU
	EndGlobalSection
	GlobalSection(ProjectConfigurationPlatforms) = postSolution
		{303EA0E5-9836-4E87-99F4-8ECE405DC04F}.Debug|Any CPU.ActiveCfg = Debug|Any CPU
		{303EA0E5-9836-4E87-99F4-8ECE405DC04F}.Debug|Any CPU.Build.0 = Debug|Any CPU
		{303EA0E5-9836-4E87-99F4-8ECE405DC04F}.Release|Any CPU.ActiveCfg = Release|Any CPU
		{303EA0E5-9836-4E87-99F4-8ECE405DC04F}.Release|Any CPU.Build.0 = Release|Any CPU
		{DC211A81-6867-4ADF-B0AF-E45569F53CBF}.Debug|Any CPU.ActiveCfg = Debug|Any CPU
		{DC211A81-6867-4ADF-B0AF-E45569F53CBF}.Debug|Any CPU.Build.0 = Debug|Any CPU
		{DC211A81-6867-4ADF-B0AF-E45569F53CBF}.Release|Any CPU.ActiveCfg = Release|Any CPU
		{DC211A81-6867-4ADF-B0AF-E45569F53CBF}.Release|Any CPU.Build.0 = Release|Any CPU
	EndGlobalSection
	GlobalSection(SolutionProperties) = preSolution
		HideSolutionNode = FALSE
	EndGlobalSection
	GlobalSection(ExtensibilityGlobals) = postSolution
		SolutionGuid = {A038686D-192E-489A-BCC1-4EBA7FAA3DB7}
	EndGlobalSection
EndGlobal
